
Microsoft Visual Studio Solution File, Format Version 12.00
# Visual Studio Version 16
VisualStudioVersion = 16.0.29409.12
MinimumVisualStudioVersion = 10.0.40219.1
Project("{9A19103F-16F7-4668-BE54-9A1E7A4F7556}") = "DGen.Test", "DGen.Test\DGen.Test.csproj", "{038463D3-B47C-4690-A874-E973DD2657B2}"
EndProject
Project("{9A19103F-16F7-4668-BE54-9A1E7A4F7556}") = "DGen", "DGen\DGen.csproj", "{F86D521F-32D1-4C39-B8FE-7FB435367072}"
EndProject
Project("{2150E333-8FDC-42A3-9474-1A3956D46DE8}") = "Solution Items", "Solution Items", "{D7F30A5E-9F68-4BCE-83DE-817EE98479DF}"
	ProjectSection(SolutionItems) = preProject
		README.md = README.md
	EndProjectSection
EndProject
Project("{FAE04EC0-301F-11D3-BF4B-00C04F79EFBC}") = "DGen.Console", "DGen.Console\DGen.Console.csproj", "{62A6A00F-7A5E-486F-A964-8EF8ABD2BA3C}"
EndProject
Global
	GlobalSection(SolutionConfigurationPlatforms) = preSolution
		Debug|Any CPU = Debug|Any CPU
		Release|Any CPU = Release|Any CPU
	EndGlobalSection
	GlobalSection(ProjectConfigurationPlatforms) = postSolution
		{038463D3-B47C-4690-A874-E973DD2657B2}.Debug|Any CPU.ActiveCfg = Debug|Any CPU
		{038463D3-B47C-4690-A874-E973DD2657B2}.Debug|Any CPU.Build.0 = Debug|Any CPU
		{038463D3-B47C-4690-A874-E973DD2657B2}.Release|Any CPU.ActiveCfg = Release|Any CPU
		{038463D3-B47C-4690-A874-E973DD2657B2}.Release|Any CPU.Build.0 = Release|Any CPU
		{F86D521F-32D1-4C39-B8FE-7FB435367072}.Debug|Any CPU.ActiveCfg = Debug|Any CPU
		{F86D521F-32D1-4C39-B8FE-7FB435367072}.Debug|Any CPU.Build.0 = Debug|Any CPU
		{F86D521F-32D1-4C39-B8FE-7FB435367072}.Release|Any CPU.ActiveCfg = Release|Any CPU
		{F86D521F-32D1-4C39-B8FE-7FB435367072}.Release|Any CPU.Build.0 = Release|Any CPU
		{62A6A00F-7A5E-486F-A964-8EF8ABD2BA3C}.Debug|Any CPU.ActiveCfg = Debug|Any CPU
		{62A6A00F-7A5E-486F-A964-8EF8ABD2BA3C}.Debug|Any CPU.Build.0 = Debug|Any CPU
		{62A6A00F-7A5E-486F-A964-8EF8ABD2BA3C}.Release|Any CPU.ActiveCfg = Release|Any CPU
		{62A6A00F-7A5E-486F-A964-8EF8ABD2BA3C}.Release|Any CPU.Build.0 = Release|Any CPU
	EndGlobalSection
	GlobalSection(SolutionProperties) = preSolution
		HideSolutionNode = FALSE
	EndGlobalSection
	GlobalSection(ExtensibilityGlobals) = postSolution
		SolutionGuid = {5A8FAB4D-BC92-4312-AAEE-1E2D8DCB07CF}
	EndGlobalSection
EndGlobal
